
Microsoft Visual Studio Solution File, Format Version 12.00
# Visual Studio Version 17
VisualStudioVersion = 17.14.37216.2 d17.14
MinimumVisualStudioVersion = 10.0.40219.1
Project("{FAE04EC0-301F-11D3-BF4B-00C04F79EFBC}") = "TaxAuto.Desktop", "TaxAuto.Desktop\TaxAuto.Desktop.csproj", "{2D22DD42-CE4B-4855-938D-627B09E8907B}"
EndProject
Global
	GlobalSection(SolutionConfigurationPlatforms) = preSolution
		Debug|Any CPU = Debug|Any CPU
		Release|Any CPU = Release|Any CPU
	EndGlobalSection
	GlobalSection(ProjectConfigurationPlatforms) = postSolution
		{2D22DD42-CE4B-4855-938D-627B09E8907B}.Debug|Any CPU.ActiveCfg = Debug|Any CPU
		{2D22DD42-CE4B-4855-938D-627B09E8907B}.Debug|Any CPU.Build.0 = Debug|Any CPU
		{2D22DD42-CE4B-4855-938D-627B09E8907B}.Release|Any CPU.ActiveCfg = Release|Any CPU
		{2D22DD42-CE4B-4855-938D-627B09E8907B}.Release|Any CPU.Build.0 = Release|Any CPU
	EndGlobalSection
	GlobalSection(SolutionProperties) = preSolution
		HideSolutionNode = FALSE
	EndGlobalSection
	GlobalSection(ExtensibilityGlobals) = postSolution
		SolutionGuid = {EBE02AD1-7917-4B03-B4D2-B38CF1B0C46D}
	EndGlobalSection
EndGlobal
